
Microsoft Visual Studio Solution File, Format Version 12.00
# Visual Studio Version 16
VisualStudioVersion = 16.0.31229.75
MinimumVisualStudioVersion = 10.0.40219.1
Project("{FAE04EC0-301F-11D3-BF4B-00C04F79EFBC}") = "week14-1", "week14-1\week14-1.csproj", "{C804BEF1-85B8-4FED-B40A-68B78BA964FC}"
EndProject
Global
	GlobalSection(SolutionConfigurationPlatforms) = preSolution
		Debug|Any CPU = Debug|Any CPU
		Release|Any CPU = Release|Any CPU
	EndGlobalSection
	GlobalSection(ProjectConfigurationPlatforms) = postSolution
		{C804BEF1-85B8-4FED-B40A-68B78BA964FC}.Debug|Any CPU.ActiveCfg = Debug|Any CPU
		{C804BEF1-85B8-4FED-B40A-68B78BA964FC}.Debug|Any CPU.Build.0 = Debug|Any CPU
		{C804BEF1-85B8-4FED-B40A-68B78BA964FC}.Release|Any CPU.ActiveCfg = Release|Any CPU
		{C804BEF1-85B8-4FED-B40A-68B78BA964FC}.Release|Any CPU.Build.0 = Release|Any CPU
	EndGlobalSection
	GlobalSection(SolutionProperties) = preSolution
		HideSolutionNode = FALSE
	EndGlobalSection
	GlobalSection(ExtensibilityGlobals) = postSolution
		SolutionGuid = {A9B45BE1-CD29-4A99-BC51-771CC5FBE64A}
	EndGlobalSection
EndGlobal
